
Microsoft Visual Studio Solution File, Format Version 12.00
# Visual Studio Version 16
VisualStudioVersion = 16.0.29728.190
MinimumVisualStudioVersion = 10.0.40219.1
Project("{FAE04EC0-301F-11D3-BF4B-00C04F79EFBC}") = "ConsoleRPG", "ConsoleRPG\ConsoleRPG.csproj", "{4645B47B-DCC1-4C51-9174-F3F5D1E61C53}"
EndProject
Global
	GlobalSection(SolutionConfigurationPlatforms) = preSolution
		Debug|Any CPU = Debug|Any CPU
		Release|Any CPU = Release|Any CPU
	EndGlobalSection
	GlobalSection(ProjectConfigurationPlatforms) = postSolution
		{4645B47B-DCC1-4C51-9174-F3F5D1E61C53}.Debug|Any CPU.ActiveCfg = Debug|Any CPU
		{4645B47B-DCC1-4C51-9174-F3F5D1E61C53}.Debug|Any CPU.Build.0 = Debug|Any CPU
		{4645B47B-DCC1-4C51-9174-F3F5D1E61C53}.Release|Any CPU.ActiveCfg = Release|Any CPU
		{4645B47B-DCC1-4C51-9174-F3F5D1E61C53}.Release|Any CPU.Build.0 = Release|Any CPU
	EndGlobalSection
	GlobalSection(SolutionProperties) = preSolution
		HideSolutionNode = FALSE
	EndGlobalSection
	GlobalSection(ExtensibilityGlobals) = postSolution
		SolutionGuid = {BDEAADC8-C300-46FC-9051-91C3F13C0020}
	EndGlobalSection
EndGlobal
